// !$*UTF8*$!
{
	archiveVersion = 1;
	classes = {
	};
	objectVersion = 50;
	objects = {

/* Begin PBXBuildFile section */
		14CD9B4823731CDE0091ACA2 /* AppDelegate.swift in Sources */ = {isa = PBXBuildFile; fileRef = 14CD9B4723731CDE0091ACA2 /* AppDelegate.swift */; };
		14CD9B4A23731CDE0091ACA2 /* SceneDelegate.swift in Sources */ = {isa = PBXBuildFile; fileRef = 14CD9B4923731CDE0091ACA2 /* SceneDelegate.swift */; };
		14CD9B5123731CDF0091ACA2 /* Assets.xcassets in Resources */ = {isa = PBXBuildFile; fileRef = 14CD9B5023731CDF0091ACA2 /* Assets.xcassets */; };
		14CD9B5423731CDF0091ACA2 /* LaunchScreen.storyboard in Resources */ = {isa = PBXBuildFile; fileRef = 14CD9B5223731CDF0091ACA2 /* LaunchScreen.storyboard */; };
		14CD9B5F23731CDF0091ACA2 /* LocalWeatherTests.swift in Sources */ = {isa = PBXBuildFile; fileRef = 14CD9B5E23731CDF0091ACA2 /* LocalWeatherTests.swift */; };
		14CD9B6A23731CEE0091ACA2 /* LocalWeather.storyboard in Resources */ = {isa = PBXBuildFile; fileRef = 14CD9B6923731CEE0091ACA2 /* LocalWeather.storyboard */; };
		14CD9B6C23731D010091ACA2 /* LocalWeatherViewController.swift in Sources */ = {isa = PBXBuildFile; fileRef = 14CD9B6B23731D010091ACA2 /* LocalWeatherViewController.swift */; };
		14CD9B6E23731D0D0091ACA2 /* LocalWeatherViewModel.swift in Sources */ = {isa = PBXBuildFile; fileRef = 14CD9B6D23731D0D0091ACA2 /* LocalWeatherViewModel.swift */; };
		14CD9B722373200F0091ACA2 /* Config.plist in Resources */ = {isa = PBXBuildFile; fileRef = 14CD9B712373200F0091ACA2 /* Config.plist */; };
		14CD9B74237320250091ACA2 /* ConfigExample.plist in Resources */ = {isa = PBXBuildFile; fileRef = 14CD9B73237320250091ACA2 /* ConfigExample.plist */; };
		14CD9B76237323820091ACA2 /* Config.swift in Sources */ = {isa = PBXBuildFile; fileRef = 14CD9B75237323820091ACA2 /* Config.swift */; };
		14CD9B78237323BC0091ACA2 /* Error.swift in Sources */ = {isa = PBXBuildFile; fileRef = 14CD9B77237323BC0091ACA2 /* Error.swift */; };
/* End PBXBuildFile section */

/* Begin PBXContainerItemProxy section */
		14CD9B5B23731CDF0091ACA2 /* PBXContainerItemProxy */ = {
			isa = PBXContainerItemProxy;
			containerPortal = 14CD9B3C23731CDE0091ACA2 /* Project object */;
			proxyType = 1;
			remoteGlobalIDString = 14CD9B4323731CDE0091ACA2;
			remoteInfo = LocalWeather;
		};
/* End PBXContainerItemProxy section */

/* Begin PBXFileReference section */
		14CD9B4423731CDE0091ACA2 /* LocalWeather.app */ = {isa = PBXFileReference; explicitFileType = wrapper.application; includeInIndex = 0; path = LocalWeather.app; sourceTree = BUILT_PRODUCTS_DIR; };
		14CD9B4723731CDE0091ACA2 /* AppDelegate.swift */ = {isa = PBXFileReference; lastKnownFileType = sourcecode.swift; path = AppDelegate.swift; sourceTree = "<group>"; };
		14CD9B4923731CDE0091ACA2 /* SceneDelegate.swift */ = {isa = PBXFileReference; lastKnownFileType = sourcecode.swift; path = SceneDelegate.swift; sourceTree = "<group>"; };
		14CD9B5023731CDF0091ACA2 /* Assets.xcassets */ = {isa = PBXFileReference; lastKnownFileType = folder.assetcatalog; path = Assets.xcassets; sourceTree = "<group>"; };
		14CD9B5323731CDF0091ACA2 /* Base */ = {isa = PBXFileReference; lastKnownFileType = file.storyboard; name = Base; path = Base.lproj/LaunchScreen.storyboard; sourceTree = "<group>"; };
		14CD9B5523731CDF0091ACA2 /* Info.plist */ = {isa = PBXFileReference; lastKnownFileType = text.plist.xml; path = Info.plist; sourceTree = "<group>"; };
		14CD9B5A23731CDF0091ACA2 /* LocalWeatherTests.xctest */ = {isa = PBXFileReference; explicitFileType = wrapper.cfbundle; includeInIndex = 0; path = LocalWeatherTests.xctest; sourceTree = BUILT_PRODUCTS_DIR; };
		14CD9B5E23731CDF0091ACA2 /* LocalWeatherTests.swift */ = {isa = PBXFileReference; lastKnownFileType = sourcecode.swift; path = LocalWeatherTests.swift; sourceTree = "<group>"; };
		14CD9B6023731CDF0091ACA2 /* Info.plist */ = {isa = PBXFileReference; lastKnownFileType = text.plist.xml; path = Info.plist; sourceTree = "<group>"; };
		14CD9B6923731CEE0091ACA2 /* LocalWeather.storyboard */ = {isa = PBXFileReference; lastKnownFileType = file.storyboard; path = LocalWeather.storyboard; sourceTree = "<group>"; };
		14CD9B6B23731D010091ACA2 /* LocalWeatherViewController.swift */ = {isa = PBXFileReference; lastKnownFileType = sourcecode.swift; path = LocalWeatherViewController.swift; sourceTree = "<group>"; };
		14CD9B6D23731D0D0091ACA2 /* LocalWeatherViewModel.swift */ = {isa = PBXFileReference; lastKnownFileType = sourcecode.swift; path = LocalWeatherViewModel.swift; sourceTree = "<group>"; };
		14CD9B712373200F0091ACA2 /* Config.plist */ = {isa = PBXFileReference; lastKnownFileType = text.plist.xml; path = Config.plist; sourceTree = "<group>"; };
		14CD9B73237320250091ACA2 /* ConfigExample.plist */ = {isa = PBXFileReference; lastKnownFileType = text.plist.xml; path = ConfigExample.plist; sourceTree = "<group>"; };
		14CD9B75237323820091ACA2 /* Config.swift */ = {isa = PBXFileReference; lastKnownFileType = sourcecode.swift; path = Config.swift; sourceTree = "<group>"; };
		14CD9B77237323BC0091ACA2 /* Error.swift */ = {isa = PBXFileReference; lastKnownFileType = sourcecode.swift; path = Error.swift; sourceTree = "<group>"; };
/* End PBXFileReference section */

/* Begin PBXFrameworksBuildPhase section */
		14CD9B4123731CDE0091ACA2 /* Frameworks */ = {
			isa = PBXFrameworksBuildPhase;
			buildActionMask = 2147483647;
			files = (
			);
			runOnlyForDeploymentPostprocessing = 0;
		};
		14CD9B5723731CDF0091ACA2 /* Frameworks */ = {
			isa = PBXFrameworksBuildPhase;
			buildActionMask = 2147483647;
			files = (
			);
			runOnlyForDeploymentPostprocessing = 0;
		};
/* End PBXFrameworksBuildPhase section */

/* Begin PBXGroup section */
		14CD9B3B23731CDE0091ACA2 = {
			isa = PBXGroup;
			children = (
				14CD9B4623731CDE0091ACA2 /* LocalWeather */,
				14CD9B5D23731CDF0091ACA2 /* LocalWeatherTests */,
				14CD9B4523731CDE0091ACA2 /* Products */,
			);
			sourceTree = "<group>";
		};
		14CD9B4523731CDE0091ACA2 /* Products */ = {
			isa = PBXGroup;
			children = (
				14CD9B4423731CDE0091ACA2 /* LocalWeather.app */,
				14CD9B5A23731CDF0091ACA2 /* LocalWeatherTests.xctest */,
			);
			name = Products;
			sourceTree = "<group>";
		};
		14CD9B4623731CDE0091ACA2 /* LocalWeather */ = {
			isa = PBXGroup;
			children = (
				14CD9B712373200F0091ACA2 /* Config.plist */,
				14CD9B73237320250091ACA2 /* ConfigExample.plist */,
				14CD9B75237323820091ACA2 /* Config.swift */,
				14CD9B77237323BC0091ACA2 /* Error.swift */,
				14CD9B4723731CDE0091ACA2 /* AppDelegate.swift */,
				14CD9B4923731CDE0091ACA2 /* SceneDelegate.swift */,
				14CD9B6F23731D170091ACA2 /* Scenes */,
				14CD9B5023731CDF0091ACA2 /* Assets.xcassets */,
				14CD9B5223731CDF0091ACA2 /* LaunchScreen.storyboard */,
				14CD9B5523731CDF0091ACA2 /* Info.plist */,
			);
			path = LocalWeather;
			sourceTree = "<group>";
		};
		14CD9B5D23731CDF0091ACA2 /* LocalWeatherTests */ = {
			isa = PBXGroup;
			children = (
				14CD9B5E23731CDF0091ACA2 /* LocalWeatherTests.swift */,
				14CD9B6023731CDF0091ACA2 /* Info.plist */,
			);
			path = LocalWeatherTests;
			sourceTree = "<group>";
		};
		14CD9B6F23731D170091ACA2 /* Scenes */ = {
			isa = PBXGroup;
			children = (
				14CD9B7023731D1D0091ACA2 /* LocalWeather */,
			);
			path = Scenes;
			sourceTree = "<group>";
		};
		14CD9B7023731D1D0091ACA2 /* LocalWeather */ = {
			isa = PBXGroup;
			children = (
				14CD9B6923731CEE0091ACA2 /* LocalWeather.storyboard */,
				14CD9B6B23731D010091ACA2 /* LocalWeatherViewController.swift */,
				14CD9B6D23731D0D0091ACA2 /* LocalWeatherViewModel.swift */,
			);
			path = LocalWeather;
			sourceTree = "<group>";
		};
/* End PBXGroup section */

/* Begin PBXNativeTarget section */
		14CD9B4323731CDE0091ACA2 /* LocalWeather */ = {
			isa = PBXNativeTarget;
			buildConfigurationList = 14CD9B6323731CDF0091ACA2 /* Build configuration list for PBXNativeTarget "LocalWeather" */;
			buildPhases = (
				14CD9B4023731CDE0091ACA2 /* Sources */,
				14CD9B4123731CDE0091ACA2 /* Frameworks */,
				14CD9B4223731CDE0091ACA2 /* Resources */,
			);
			buildRules = (
			);
			dependencies = (
			);
			name = LocalWeather;
			productName = LocalWeather;
			productReference = 14CD9B4423731CDE0091ACA2 /* LocalWeather.app */;
			productType = "com.apple.product-type.application";
		};
		14CD9B5923731CDF0091ACA2 /* LocalWeatherTests */ = {
			isa = PBXNativeTarget;
			buildConfigurationList = 14CD9B6623731CDF0091ACA2 /* Build configuration list for PBXNativeTarget "LocalWeatherTests" */;
			buildPhases = (
				14CD9B5623731CDF0091ACA2 /* Sources */,
				14CD9B5723731CDF0091ACA2 /* Frameworks */,
				14CD9B5823731CDF0091ACA2 /* Resources */,
			);
			buildRules = (
			);
			dependencies = (
				14CD9B5C23731CDF0091ACA2 /* PBXTargetDependency */,
			);
			name = LocalWeatherTests;
			productName = LocalWeatherTests;
			productReference = 14CD9B5A23731CDF0091ACA2 /* LocalWeatherTests.xctest */;
			productType = "com.apple.product-type.bundle.unit-test";
		};
/* End PBXNativeTarget section */

/* Begin PBXProject section */
		14CD9B3C23731CDE0091ACA2 /* Project object */ = {
			isa = PBXProject;
			attributes = {
				LastSwiftUpdateCheck = 1110;
				LastUpgradeCheck = 1110;
				ORGANIZATIONNAME = "Gabor Rab";
				TargetAttributes = {
					14CD9B4323731CDE0091ACA2 = {
						CreatedOnToolsVersion = 11.1;
					};
					14CD9B5923731CDF0091ACA2 = {
						CreatedOnToolsVersion = 11.1;
						TestTargetID = 14CD9B4323731CDE0091ACA2;
					};
				};
			};
			buildConfigurationList = 14CD9B3F23731CDE0091ACA2 /* Build configuration list for PBXProject "LocalWeather" */;
			compatibilityVersion = "Xcode 9.3";
			developmentRegion = en;
			hasScannedForEncodings = 0;
			knownRegions = (
				en,
				Base,
			);
			mainGroup = 14CD9B3B23731CDE0091ACA2;
			productRefGroup = 14CD9B4523731CDE0091ACA2 /* Products */;
			projectDirPath = "";
			projectRoot = "";
			targets = (
				14CD9B4323731CDE0091ACA2 /* LocalWeather */,
				14CD9B5923731CDF0091ACA2 /* LocalWeatherTests */,
			);
		};
/* End PBXProject section */

/* Begin PBXResourcesBuildPhase section */
		14CD9B4223731CDE0091ACA2 /* Resources */ = {
			isa = PBXResourcesBuildPhase;
			buildActionMask = 2147483647;
			files = (
				14CD9B722373200F0091ACA2 /* Config.plist in Resources */,
				14CD9B5423731CDF0091ACA2 /* LaunchScreen.storyboard in Resources */,
				14CD9B74237320250091ACA2 /* ConfigExample.plist in Resources */,
				14CD9B6A23731CEE0091ACA2 /* LocalWeather.storyboard in Resources */,
				14CD9B5123731CDF0091ACA2 /* Assets.xcassets in Resources */,
			);
			runOnlyForDeploymentPostprocessing = 0;
		};
		14CD9B5823731CDF0091ACA2 /* Resources */ = {
			isa = PBXResourcesBuildPhase;
			buildActionMask = 2147483647;
			files = (
			);
			runOnlyForDeploymentPostprocessing = 0;
		};
/* End PBXResourcesBuildPhase section */

/* Begin PBXSourcesBuildPhase section */
		14CD9B4023731CDE0091ACA2 /* Sources */ = {
			isa = PBXSourcesBuildPhase;
			buildActionMask = 2147483647;
			files = (
				14CD9B4823731CDE0091ACA2 /* AppDelegate.swift in Sources */,
				14CD9B6C23731D010091ACA2 /* LocalWeatherViewController.swift in Sources */,
				14CD9B76237323820091ACA2 /* Config.swift in Sources */,
				14CD9B4A23731CDE0091ACA2 /* SceneDelegate.swift in Sources */,
				14CD9B78237323BC0091ACA2 /* Error.swift in Sources */,
				14CD9B6E23731D0D0091ACA2 /* LocalWeatherViewModel.swift in Sources */,
			);
			runOnlyForDeploymentPostprocessing = 0;
		};
		14CD9B5623731CDF0091ACA2 /* Sources */ = {
			isa = PBXSourcesBuildPhase;
			buildActionMask = 2147483647;
			files = (
				14CD9B5F23731CDF0091ACA2 /* LocalWeatherTests.swift in Sources */,
			);
			runOnlyForDeploymentPostprocessing = 0;
		};
/* End PBXSourcesBuildPhase section */

/* Begin PBXTargetDependency section */
		14CD9B5C23731CDF0091ACA2 /* PBXTargetDependency */ = {
			isa = PBXTargetDependency;
			target = 14CD9B4323731CDE0091ACA2 /* LocalWeather */;
			targetProxy = 14CD9B5B23731CDF0091ACA2 /* PBXContainerItemProxy */;
		};
/* End PBXTargetDependency section */

/* Begin PBXVariantGroup section */
		14CD9B5223731CDF0091ACA2 /* LaunchScreen.storyboard */ = {
			isa = PBXVariantGroup;
			children = (
				14CD9B5323731CDF0091ACA2 /* Base */,
			);
			name = LaunchScreen.storyboard;
			sourceTree = "<group>";
		};
/* End PBXVariantGroup section */

/* Begin XCBuildConfiguration section */
		14CD9B6123731CDF0091ACA2 /* Debug */ = {
			isa = XCBuildConfiguration;
			buildSettings = {
				ALWAYS_SEARCH_USER_PATHS = NO;
				CLANG_ANALYZER_NONNULL = YES;
				CLANG_ANALYZER_NUMBER_OBJECT_CONVERSION = YES_AGGRESSIVE;
				CLANG_CXX_LANGUAGE_STANDARD = "gnu++14";
				CLANG_CXX_LIBRARY = "libc++";
				CLANG_ENABLE_MODULES = YES;
				CLANG_ENABLE_OBJC_ARC = YES;
				CLANG_ENABLE_OBJC_WEAK = YES;
				CLANG_WARN_BLOCK_CAPTURE_AUTORELEASING = YES;
				CLANG_WARN_BOOL_CONVERSION = YES;
				CLANG_WARN_COMMA = YES;
				CLANG_WARN_CONSTANT_CONVERSION = YES;
				CLANG_WARN_DEPRECATED_OBJC_IMPLEMENTATIONS = YES;
				CLANG_WARN_DIRECT_OBJC_ISA_USAGE = YES_ERROR;
				CLANG_WARN_DOCUMENTATION_COMMENTS = YES;
				CLANG_WARN_EMPTY_BODY = YES;
				CLANG_WARN_ENUM_CONVERSION = YES;
				CLANG_WARN_INFINITE_RECURSION = YES;
				CLANG_WARN_INT_CONVERSION = YES;
				CLANG_WARN_NON_LITERAL_NULL_CONVERSION = YES;
				CLANG_WARN_OBJC_IMPLICIT_RETAIN_SELF = YES;
				CLANG_WARN_OBJC_LITERAL_CONVERSION = YES;
				CLANG_WARN_OBJC_ROOT_CLASS = YES_ERROR;
				CLANG_WARN_RANGE_LOOP_ANALYSIS = YES;
				CLANG_WARN_STRICT_PROTOTYPES = YES;
				CLANG_WARN_SUSPICIOUS_MOVE = YES;
				CLANG_WARN_UNGUARDED_AVAILABILITY = YES_AGGRESSIVE;
				CLANG_WARN_UNREACHABLE_CODE = YES;
				CLANG_WARN__DUPLICATE_METHOD_MATCH = YES;
				COPY_PHASE_STRIP = NO;
				DEBUG_INFORMATION_FORMAT = dwarf;
				ENABLE_STRICT_OBJC_MSGSEND = YES;
				ENABLE_TESTABILITY = YES;
				GCC_C_LANGUAGE_STANDARD = gnu11;
				GCC_DYNAMIC_NO_PIC = NO;
				GCC_NO_COMMON_BLOCKS = YES;
				GCC_OPTIMIZATION_LEVEL = 0;
				GCC_PREPROCESSOR_DEFINITIONS = (
					"DEBUG=1",
					"$(inherited)",
				);
				GCC_WARN_64_TO_32_BIT_CONVERSION = YES;
				GCC_WARN_ABOUT_RETURN_TYPE = YES_ERROR;
				GCC_WARN_UNDECLARED_SELECTOR = YES;
				GCC_WARN_UNINITIALIZED_AUTOS = YES_AGGRESSIVE;
				GCC_WARN_UNUSED_FUNCTION = YES;
				GCC_WARN_UNUSED_VARIABLE = YES;
				IPHONEOS_DEPLOYMENT_TARGET = 13.1;
				MTL_ENABLE_DEBUG_INFO = INCLUDE_SOURCE;
				MTL_FAST_MATH = YES;
				ONLY_ACTIVE_ARCH = YES;
				SDKROOT = iphoneos;
				SWIFT_ACTIVE_COMPILATION_CONDITIONS = DEBUG;
				SWIFT_OPTIMIZATION_LEVEL = "-Onone";
			};
			name = Debug;
		};
		14CD9B6223731CDF0091ACA2 /* Release */ = {
			isa = XCBuildConfiguration;
			buildSettings = {
				ALWAYS_SEARCH_USER_PATHS = NO;
				CLANG_ANALYZER_NONNULL = YES;
				CLANG_ANALYZER_NUMBER_OBJECT_CONVERSION = YES_AGGRESSIVE;
				CLANG_CXX_LANGUAGE_STANDARD = "gnu++14";
				CLANG_CXX_LIBRARY = "libc++";
				CLANG_ENABLE_MODULES = YES;
				CLANG_ENABLE_OBJC_ARC = YES;
				CLANG_ENABLE_OBJC_WEAK = YES;
				CLANG_WARN_BLOCK_CAPTURE_AUTORELEASING = YES;
				CLANG_WARN_BOOL_CONVERSION = YES;
				CLANG_WARN_COMMA = YES;
				CLANG_WARN_CONSTANT_CONVERSION = YES;
				CLANG_WARN_DEPRECATED_OBJC_IMPLEMENTATIONS = YES;
				CLANG_WARN_DIRECT_OBJC_ISA_USAGE = YES_ERROR;
				CLANG_WARN_DOCUMENTATION_COMMENTS = YES;
				CLANG_WARN_EMPTY_BODY = YES;
				CLANG_WARN_ENUM_CONVERSION = YES;
				CLANG_WARN_INFINITE_RECURSION = YES;
				CLANG_WARN_INT_CONVERSION = YES;
				CLANG_WARN_NON_LITERAL_NULL_CONVERSION = YES;
				CLANG_WARN_OBJC_IMPLICIT_RETAIN_SELF = YES;
				CLANG_WARN_OBJC_LITERAL_CONVERSION = YES;
				CLANG_WARN_OBJC_ROOT_CLASS = YES_ERROR;
				CLANG_WARN_RANGE_LOOP_ANALYSIS = YES;
				CLANG_WARN_STRICT_PROTOTYPES = YES;
				CLANG_WARN_SUSPICIOUS_MOVE = YES;
				CLANG_WARN_UNGUARDED_AVAILABILITY = YES_AGGRESSIVE;
				CLANG_WARN_UNREACHABLE_CODE = YES;
				CLANG_WARN__DUPLICATE_METHOD_MATCH = YES;
				COPY_PHASE_STRIP = NO;
				DEBUG_INFORMATION_FORMAT = "dwarf-with-dsym";
				ENABLE_NS_ASSERTIONS = NO;
				ENABLE_STRICT_OBJC_MSGSEND = YES;
				GCC_C_LANGUAGE_STANDARD = gnu11;
				GCC_NO_COMMON_BLOCKS = YES;
				GCC_WARN_64_TO_32_BIT_CONVERSION = YES;
				GCC_WARN_ABOUT_RETURN_TYPE = YES_ERROR;
				GCC_WARN_UNDECLARED_SELECTOR = YES;
				GCC_WARN_UNINITIALIZED_AUTOS = YES_AGGRESSIVE;
				GCC_WARN_UNUSED_FUNCTION = YES;
				GCC_WARN_UNUSED_VARIABLE = YES;
				IPHONEOS_DEPLOYMENT_TARGET = 13.1;
				MTL_ENABLE_DEBUG_INFO = NO;
				MTL_FAST_MATH = YES;
				SDKROOT = iphoneos;
				SWIFT_COMPILATION_MODE = wholemodule;
				SWIFT_OPTIMIZATION_LEVEL = "-O";
				VALIDATE_PRODUCT = YES;
			};
			name = Release;
		};
		14CD9B6423731CDF0091ACA2 /* Debug */ = {
			isa = XCBuildConfiguration;
			buildSettings = {
				ASSETCATALOG_COMPILER_APPICON_NAME = AppIcon;
				CODE_SIGN_STYLE = Automatic;
				DEVELOPMENT_TEAM = Y8ZHVBUF4Q;
				INFOPLIST_FILE = LocalWeather/Info.plist;
				LD_RUNPATH_SEARCH_PATHS = (
					"$(inherited)",
					"@executable_path/Frameworks",
				);
				PRODUCT_BUNDLE_IDENTIFIER = com.rabgabor.LocalWeather;
				PRODUCT_NAME = "$(TARGET_NAME)";
				SWIFT_VERSION = 5.0;
				TARGETED_DEVICE_FAMILY = "1,2";
			};
			name = Debug;
		};
		14CD9B6523731CDF0091ACA2 /* Release */ = {
			isa = XCBuildConfiguration;
			buildSettings = {
				ASSETCATALOG_COMPILER_APPICON_NAME = AppIcon;
				CODE_SIGN_STYLE = Automatic;
				DEVELOPMENT_TEAM = Y8ZHVBUF4Q;
				INFOPLIST_FILE = LocalWeather/Info.plist;
				LD_RUNPATH_SEARCH_PATHS = (
					"$(inherited)",
					"@executable_path/Frameworks",
				);
				PRODUCT_BUNDLE_IDENTIFIER = com.rabgabor.LocalWeather;
				PRODUCT_NAME = "$(TARGET_NAME)";
				SWIFT_VERSION = 5.0;
				TARGETED_DEVICE_FAMILY = "1,2";
			};
			name = Release;
		};
		14CD9B6723731CDF0091ACA2 /* Debug */ = {
			isa = XCBuildConfiguration;
			buildSettings = {
				ALWAYS_EMBED_SWIFT_STANDARD_LIBRARIES = YES;
				BUNDLE_LOADER = "$(TEST_HOST)";
				CODE_SIGN_STYLE = Automatic;
				DEVELOPMENT_TEAM = Y8ZHVBUF4Q;
				INFOPLIST_FILE = LocalWeatherTests/Info.plist;
				IPHONEOS_DEPLOYMENT_TARGET = 13.1;
				LD_RUNPATH_SEARCH_PATHS = (
					"$(inherited)",
					"@executable_path/Frameworks",
					"@loader_path/Frameworks",
				);
				PRODUCT_BUNDLE_IDENTIFIER = com.rabgabor.LocalWeatherTests;
				PRODUCT_NAME = "$(TARGET_NAME)";
				SWIFT_VERSION = 5.0;
				TARGETED_DEVICE_FAMILY = "1,2";
				TEST_HOST = "$(BUILT_PRODUCTS_DIR)/LocalWeather.app/LocalWeather";
			};
			name = Debug;
		};
		14CD9B6823731CDF0091ACA2 /* Release */ = {
			isa = XCBuildConfiguration;
			buildSettings = {
				ALWAYS_EMBED_SWIFT_STANDARD_LIBRARIES = YES;
				BUNDLE_LOADER = "$(TEST_HOST)";
				CODE_SIGN_STYLE = Automatic;
				DEVELOPMENT_TEAM = Y8ZHVBUF4Q;
				INFOPLIST_FILE = LocalWeatherTests/Info.plist;
				IPHONEOS_DEPLOYMENT_TARGET = 13.1;
				LD_RUNPATH_SEARCH_PATHS = (
					"$(inherited)",
					"@executable_path/Frameworks",
					"@loader_path/Frameworks",
				);
				PRODUCT_BUNDLE_IDENTIFIER = com.rabgabor.LocalWeatherTests;
				PRODUCT_NAME = "$(TARGET_NAME)";
				SWIFT_VERSION = 5.0;
				TARGETED_DEVICE_FAMILY = "1,2";
				TEST_HOST = "$(BUILT_PRODUCTS_DIR)/LocalWeather.app/LocalWeather";
			};
			name = Release;
		};
/* End XCBuildConfiguration section */

/* Begin XCConfigurationList section */
		14CD9B3F23731CDE0091ACA2 /* Build configuration list for PBXProject "LocalWeather" */ = {
			isa = XCConfigurationList;
			buildConfigurations = (
				14CD9B6123731CDF0091ACA2 /* Debug */,
				14CD9B6223731CDF0091ACA2 /* Release */,
			);
			defaultConfigurationIsVisible = 0;
			defaultConfigurationName = Release;
		};
		14CD9B6323731CDF0091ACA2 /* Build configuration list for PBXNativeTarget "LocalWeather" */ = {
			isa = XCConfigurationList;
			buildConfigurations = (
				14CD9B6423731CDF0091ACA2 /* Debug */,
				14CD9B6523731CDF0091ACA2 /* Release */,
			);
			defaultConfigurationIsVisible = 0;
			defaultConfigurationName = Release;
		};
		14CD9B6623731CDF0091ACA2 /* Build configuration list for PBXNativeTarget "LocalWeatherTests" */ = {
			isa = XCConfigurationList;
			buildConfigurations = (
				14CD9B6723731CDF0091ACA2 /* Debug */,
				14CD9B6823731CDF0091ACA2 /* Release */,
			);
			defaultConfigurationIsVisible = 0;
			defaultConfigurationName = Release;
		};
/* End XCConfigurationList section */
	};
	rootObject = 14CD9B3C23731CDE0091ACA2 /* Project object */;
}
